{
    "_meta": {
        "hash": {
            "sha256": "97c05b98bb96b99d1313bd06f7d9d197ecdaaec5c2bf2e060a903f27b2081003"
        },
        "pipfile-spec": 6,
        "requires": {
            "python_version": "3.10"
        },
        "sources": [
            {
                "name": "pypi",
                "url": "https://pypi.org/simple",
                "verify_ssl": true
            }
        ]
    },
    "default": {
        "asgiref": {
            "hashes": [
                "sha256:89b2ef2247e3b562a16eef663bc0e2e703ec6468e2fa8a5cd61cd449786d4f6e",
                "sha256:9e0ce3aa93a819ba5b45120216b23878cf6e8525eb3848653452b4192b92afed"
            ],
            "markers": "python_version >= '3.7'",
            "version": "==3.7.2"
        },
        "django": {
            "hashes": [
                "sha256:5c7d748ad113a81b2d44750ccc41edc14e933f56581683db548c9257e078cc83",
                "sha256:5fb37580dcf4a262f9258c1f4373819aacca906431f505e4688e37f3a99195df"
            ],
            "index": "pypi",
            "markers": "python_version >= '3.10'",
            "version": "==5.0.3"
        },
        "django-phonenumber-field": {
            "hashes": [
                "sha256:bc6eaa49d1f9d870944f5280258db511e3a1ba5e2fbbed255488dceacae45d06",
                "sha256:f9cdb3de085f99c249328293a3b93d4e5fa440c0c8e3b99eb0d0f54748629797"
            ],
            "index": "pypi",
            "markers": "python_version >= '3.8'",
            "version": "==7.3.0"
        },
        "phonenumbers": {
            "hashes": [
                "sha256:2742071c9d0af09274c8a5b2a26d9a36acbf2ea5cb62943cc2ceadb5c0c87641",
                "sha256:e45d0bc852516a3a6594bcec0ae47b825421a8adcfcf5f114ad148f1523d8646"
            ],
            "index": "pypi",
            "version": "==8.13.31"
        },
        "sqlparse": {
            "hashes": [
                "sha256:5430a4fe2ac7d0f93e66f1efc6e1338a41884b7ddf2a350cedd20ccc4d9d28f3",
                "sha256:d446183e84b8349fa3061f0fe7f06ca94ba65b426946ffebe6e3e8295332420c"
            ],
            "markers": "python_version >= '3.5'",
            "version": "==0.4.4"
        },
        "tzdata": {
            "hashes": [
                "sha256:2674120f8d891909751c38abcdfd386ac0a5a1127954fbc332af6b5ceae07efd",
                "sha256:9068bc196136463f5245e51efda838afa15aaeca9903f49050dfa2679db4d252"
            ],
            "markers": "sys_platform == 'win32'",
            "version": "==2024.1"
        }
    },
    "develop": {}
}
